
Microsoft Visual Studio Solution File, Format Version 12.00
# Visual Studio Version 17
VisualStudioVersion = 17.7.34018.315
MinimumVisualStudioVersion = 10.0.40219.1
Project("{FAE04EC0-301F-11D3-BF4B-00C04F79EFBC}") = "ConsoleApp1", "ConsoleApp1.csproj", "{7051302A-F1C5-4439-AF77-CB2486568C6C}"
EndProject
Global
	GlobalSection(SolutionConfigurationPlatforms) = preSolution
		Debug|Any CPU = Debug|Any CPU
		Release|Any CPU = Release|Any CPU
	EndGlobalSection
	GlobalSection(ProjectConfigurationPlatforms) = postSolution
		{7051302A-F1C5-4439-AF77-CB2486568C6C}.Debug|Any CPU.ActiveCfg = Debug|Any CPU
		{7051302A-F1C5-4439-AF77-CB2486568C6C}.Debug|Any CPU.Build.0 = Debug|Any CPU
		{7051302A-F1C5-4439-AF77-CB2486568C6C}.Release|Any CPU.ActiveCfg = Release|Any CPU
		{7051302A-F1C5-4439-AF77-CB2486568C6C}.Release|Any CPU.Build.0 = Release|Any CPU
	EndGlobalSection
	GlobalSection(SolutionProperties) = preSolution
		HideSolutionNode = FALSE
	EndGlobalSection
	GlobalSection(ExtensibilityGlobals) = postSolution
		SolutionGuid = {573A0718-8A35-46B1-939A-A3140E9E9895}
	EndGlobalSection
EndGlobal
